version = 1
revision = 3
requires-python = ">=3.10"

[[package]]
name = "colorama"
version = "0.4.6"
source = { registry = "https://pypi.org/simple" }
sdist = { url = "https://files.pythonhosted.org/packages/d8/53/6f443c9a4a8358a93a6792e2acffb9d9d5cb0a5cfd8802644b7b1c9a02e4/colorama-0.4.6.tar.gz", hash = "sha256:08695f5cb7ed6e0531a20572697297273c47b8cae5a63ffc6d6ed5c201be6e44", size = 27697, upload-time = "2022-10-25T02:36:22.414Z" }
wheels = [
    { url = "https://files.pythonhosted.org/packages/d1/d6/3965ed04c63042e047cb6a3e6ed1a63a35087b6a609aa3a15ed8ac56c221/colorama-0.4.6-py2.py3-none-any.whl", hash = "sha256:4f1d9991f5acc0ca119f9d443620b77f9d6b33703e51011c16baf57afb285fc6", size = 25335, upload-time = "2022-10-25T02:36:20.889Z" },
]

[[package]]
name = "dnspython"
version = "2.8.0"
source = { registry = "https://pypi.org/simple" }
sdist = { url = "https://files.pythonhosted.org/packages/8c/8b/57666417c0f90f08bcafa776861060426765fdb422eb10212086fb811d26/dnspython-2.8.0.tar.gz", hash = "sha256:181d3c6996452cb1189c4046c61599b84a5a86e099562ffde77d26984ff26d0f", size = 368251, upload-time = "2025-09-07T18:58:00.022Z" }
wheels = [
    { url = "https://files.pythonhosted.org/packages/ba/5a/18ad964b0086c6e62e2e7500f7edc89e3faa45033c71c1893d34eed2b2de/dnspython-2.8.0-py3-none-any.whl", hash = "sha256:01d9bbc4a2d76bf0db7c1f729812ded6d912bd318d3b1cf81d30c0f845dbf3af", size = 331094, upload-time = "2025-09-07T18:57:58.071Z" },
]

[[package]]
name = "mysql-connector-python"
version = "9.6.0"
source = { registry = "https://pypi.org/simple" }
sdist = { url = "https://files.pythonhosted.org/packages/6f/6e/c89babc7de3df01467d159854414659c885152579903a8220c8db02a3835/mysql_connector_python-9.6.0.tar.gz", hash = "sha256:c453bb55347174d87504b534246fb10c589daf5d057515bf615627198a3c7ef1", size = 12254999, upload-time = "2026-02-10T12:04:52.63Z" }
wheels = [
    { url = "https://files.pythonhosted.org/packages/16/27/106f5b7a69381c58cb0ba6bf44e6488969ce6cd9f69f62df340f379141ee/mysql_connector_python-9.6.0-cp310-cp310-macosx_14_0_arm64.whl", hash = "sha256:478e035ebcf734b3a1497bfd3eb72ce3632da6384545b08cf6329471b3849b6e", size = 17582676, upload-time = "2026-01-21T09:04:35.755Z" },
    { url = "https://files.pythonhosted.org/packages/17/97/d3cbab27663d7b5063d891c6bd322db6cf1cdb42d4e0d2d2ec9a1952c67f/mysql_connector_python-9.6.0-cp310-cp310-macosx_14_0_x86_64.whl", hash = "sha256:228000bb951810dad724821d04000174ffcc7fa94b4dcef884b17a3cdae07283", size = 18449353, upload-time = "2026-01-21T09:04:38.032Z" },
    { url = "https://files.pythonhosted.org/packages/6b/9e/0e14e30dddb8f9a5230c6dbce6f874fba2aeaab1ce971dce3912cf81773e/mysql_connector_python-9.6.0-cp310-cp310-manylinux_2_28_aarch64.whl", hash = "sha256:477e86182aefbf693b71ff8bda7679ab4487af64c027759af831a70080aaaeac", size = 34161450, upload-time = "2026-01-21T09:04:40.763Z" },
    { url = "https://files.pythonhosted.org/packages/5d/80/1b0012fd86b5a7c0952878e33938ccd4b2862eb882e08a502b99348988d0/mysql_connector_python-9.6.0-cp310-cp310-manylinux_2_28_x86_64.whl", hash = "sha256:4bf932724a2702d8b9cde4bf764b843a35e85c59479a870997d37a2a68a5632d", size = 34533941, upload-time = "2026-01-21T09:04:43.759Z" },
    { url = "https://files.pythonhosted.org/packages/7c/ed/9ff5ff9ea8421ffdf248fa71b9328fd8b9a23e1e3a2a523db5f7d58240c6/mysql_connector_python-9.6.0-cp310-cp310-win_amd64.whl", hash = "sha256:b507372c060eb39e2a10ebcb3eb1b12e1778b0120808062fc23e3856268cd2d9", size = 16515417, upload-time = "2026-01-21T09:04:46.47Z" },
    { url = "https://files.pythonhosted.org/packages/2a/08/0e9bce000736454c2b8bb4c40bded79328887483689487dad7df4cf59fb7/mysql_connector_python-9.6.0-cp311-cp311-macosx_14_0_arm64.whl", hash = "sha256:011931f7392a1087e10d305b0303f2a20cc1af2c1c8a15cd5691609aa95dfcbd", size = 17582646, upload-time = "2026-01-21T09:04:48.327Z" },
    { url = "https://files.pythonhosted.org/packages/93/aa/3dd4db039fc6a9bcbdbade83be9914ead6786c0be4918170dfaf89327b76/mysql_connector_python-9.6.0-cp311-cp311-macosx_14_0_x86_64.whl", hash = "sha256:b5212372aff6833473d2560ac87d3df9fb2498d0faacb7ebf231d947175fa36a", size = 18449358, upload-time = "2026-01-21T09:04:50.278Z" },
    { url = "https://files.pythonhosted.org/packages/53/38/ecd6d35382b6265ff5f030464d53b45e51ff2c2523ab88771c277fd84c05/mysql_connector_python-9.6.0-cp311-cp311-manylinux_2_28_aarch64.whl", hash = "sha256:61deca6e243fafbb3cf08ae27bd0c83d0f8188de8456e46aeba0d3db15bb7230", size = 34169309, upload-time = "2026-01-21T09:04:52.402Z" },
    { url = "https://files.pythonhosted.org/packages/18/1d/fe1133eb76089342854d8fbe88e28598f7e06bc684a763d21fc7b23f1d5e/mysql_connector_python-9.6.0-cp311-cp311-manylinux_2_28_x86_64.whl", hash = "sha256:adabbc5e1475cdf5fb6f1902a25edc3bd1e0726fa45f01ab1b8f479ff43b3337", size = 34541101, upload-time = "2026-01-21T09:04:55.897Z" },
    { url = "https://files.pythonhosted.org/packages/3f/99/da0f55beb970ca049fd7d37a6391d686222af89a8b13e636d8e9bbd06536/mysql_connector_python-9.6.0-cp311-cp311-win_amd64.whl", hash = "sha256:8732ca0b7417b45238bcbfc7e64d9c4d62c759672207c6284f0921c366efddc7", size = 16514767, upload-time = "2026-02-10T12:03:50.584Z" },
    { url = "https://files.pythonhosted.org/packages/8f/d9/2a4b4d90b52f4241f0f71618cd4bd8779dd6d18db8058b0a4dd83ec0541c/mysql_connector_python-9.6.0-cp312-cp312-macosx_14_0_arm64.whl", hash = "sha256:9664e217c72dd6fb700f4c8512af90261f72d2f5d7c00c4e13e4c1e09bfa3d5e", size = 17585672, upload-time = "2026-02-10T12:03:52.955Z" },
    { url = "https://files.pythonhosted.org/packages/33/91/2495835733a054e716a17dc28404748b33f2dc1da1ae4396fb45574adf40/mysql_connector_python-9.6.0-cp312-cp312-macosx_14_0_x86_64.whl", hash = "sha256:1ed4b5c4761e5333035293e746683890e4ef2e818e515d14023fd80293bc31fa", size = 18452624, upload-time = "2026-02-10T12:03:56.153Z" },
    { url = "https://files.pythonhosted.org/packages/7a/69/e83abbbbf7f8eed855b5a5ff7285bc0afb1199418ac036c7691edf41e154/mysql_connector_python-9.6.0-cp312-cp312-manylinux_2_28_aarch64.whl", hash = "sha256:5095758dcb89a6bce2379f349da336c268c407129002b595c5dba82ce387e2a5", size = 34169154, upload-time = "2026-02-10T12:03:58.831Z" },
    { url = "https://files.pythonhosted.org/packages/82/44/67bb61c71f398fbc739d07e8dcadad94e2f655874cb32ae851454066bea0/mysql_connector_python-9.6.0-cp312-cp312-manylinux_2_28_x86_64.whl", hash = "sha256:4ae4e7780fad950a4f267dea5851048d160f5b71314a342cdbf30b154f1c74f7", size = 34542947, upload-time = "2026-02-10T12:04:02.408Z" },
    { url = "https://files.pythonhosted.org/packages/ba/39/994c4f7e9c59d3ca534a831d18442ac4c529865db20aeaa4fd94e2af5efd/mysql_connector_python-9.6.0-cp312-cp312-win_amd64.whl", hash = "sha256:c180e0b4100d7402e03993bfac5c97d18e01d7ca9d198d742fffc245077f8ffe", size = 16515709, upload-time = "2026-02-10T12:04:04.924Z" },
    { url = "https://files.pythonhosted.org/packages/2f/58/9521aa678708ec6cebfd40524c14c3d151e4f29e3774e6086aa0a30d203b/mysql_connector_python-9.6.0-cp313-cp313-macosx_14_0_arm64.whl", hash = "sha256:e86e45a7b540ca09af8a18ecfa761e0cdeccfdb62818331614ec030ae44bfd26", size = 17585837, upload-time = "2026-02-10T12:04:07.004Z" },
    { url = "https://files.pythonhosted.org/packages/39/8d/b108f9bcce9780f6a1f91decb2af54defdaf845e237ddc42f2b4578f1cd7/mysql_connector_python-9.6.0-cp313-cp313-macosx_14_0_x86_64.whl", hash = "sha256:8d3e9252384e1b7f95b07020664f2673d9c29c5e95eeda2e048b3331e190b9d4", size = 18452844, upload-time = "2026-02-10T12:04:09.418Z" },
    { url = "https://files.pythonhosted.org/packages/d6/28/735cd93d16e76dc2feb4abb3f1229a1d9475af34d80c26712fec6abe1d70/mysql_connector_python-9.6.0-cp313-cp313-manylinux_2_28_aarch64.whl", hash = "sha256:0fa18ead33cb699ea92005695077cef09aa494eebf51164ee30c891c3eaea90c", size = 34169374, upload-time = "2026-02-10T12:04:12.13Z" },
    { url = "https://files.pythonhosted.org/packages/42/07/069983799cf4050c68f61a494f94b06f095fee6026ab0dd863a14de30867/mysql_connector_python-9.6.0-cp313-cp313-manylinux_2_28_x86_64.whl", hash = "sha256:a26490cb029bf7b18a1d2093101105b3526a1036b51ad01553d30138f5beb8d2", size = 34543019, upload-time = "2026-02-10T12:04:15.065Z" },
    { url = "https://files.pythonhosted.org/packages/32/00/fbeb7d666ab8153f719e620bac5abfbc74640e8ec511612493110a75fe66/mysql_connector_python-9.6.0-cp313-cp313-win_amd64.whl", hash = "sha256:3460ed976e1b88b7284335d9397a3c519dff56d71580ca1f76ff1c0c7714c813", size = 16515701, upload-time = "2026-02-10T12:04:19.26Z" },
    { url = "https://files.pythonhosted.org/packages/70/51/13cc90b2a703784cd9a0aa0a6fce07946cf6a2abe7c8fd0b585562e250fc/mysql_connector_python-9.6.0-cp314-cp314-macosx_14_0_arm64.whl", hash = "sha256:e2cc13cd3dcdb845d636e52c4e7a9509b63da09bec6ce1b3696be53a79847e2d", size = 17585800, upload-time = "2026-02-10T12:04:21.6Z" },
    { url = "https://files.pythonhosted.org/packages/c8/6b/ce7ab998fbdd17f35a1b54624365d039045cbb2d42bbc7b03f50d7597c7b/mysql_connector_python-9.6.0-cp314-cp314-macosx_14_0_x86_64.whl", hash = "sha256:a08c2149d4b52a010c4353f18c84716d18114a4ecd00b466ea34138de2c640f2", size = 18452823, upload-time = "2026-02-10T12:04:23.995Z" },
    { url = "https://files.pythonhosted.org/packages/f9/bf/8157ed61d17878c33511dcb97c68ecaaaf6220bea5a2944ea4eba73cc63a/mysql_connector_python-9.6.0-cp314-cp314-manylinux_2_28_aarch64.whl", hash = "sha256:b00228b985edd208b20f45c5e684c54e08e31e01bc1d8c3c18a36641c3be5bf7", size = 34171594, upload-time = "2026-02-10T12:04:27.401Z" },
    { url = "https://files.pythonhosted.org/packages/f7/06/5efdd28819afdb9f1487a62842fda4277febe128a3cd6e9090dbe0a6524e/mysql_connector_python-9.6.0-cp314-cp314-manylinux_2_28_x86_64.whl", hash = "sha256:4617ef5216da7ca32dd46afda61a1552807762434127413bba46fbe4379f59d4", size = 34542851, upload-time = "2026-02-10T12:04:31.021Z" },
    { url = "https://files.pythonhosted.org/packages/40/6a/26e08a4a79f159cd8e5b64eb10bd056e7735b65d4464d98641f59eb9ca3a/mysql_connector_python-9.6.0-cp314-cp314-win_amd64.whl", hash = "sha256:bc782f64ca00b6b933d4c6a35568f1349d115cc4434c849b5b9edc015bee3e62", size = 17002947, upload-time = "2026-02-10T12:04:34.386Z" },
    { url = "https://files.pythonhosted.org/packages/15/dd/b3250826c29cee7816de4409a2fe5e469a68b9a89f6bfaa5eed74f05532c/mysql_connector_python-9.6.0-py2.py3-none-any.whl", hash = "sha256:44b0fb57207ebc6ae05b5b21b7968a9ed33b29187fe87b38951bad2a334d75d5", size = 480527, upload-time = "2026-02-10T12:04:36.176Z" },
]

[[package]]
name = "neo4j"
version = "6.1.0"
source = { registry = "https://pypi.org/simple" }
dependencies = [
    { name = "pytz" },
]
sdist = { url = "https://files.pythonhosted.org/packages/1b/01/d6ce65e4647f6cb2b9cca3b813978f7329b54b4e36660aaec1ddf0ccce7a/neo4j-6.1.0.tar.gz", hash = "sha256:b5dde8c0d8481e7b6ae3733569d990dd3e5befdc5d452f531ad1884ed3500b84", size = 239629, upload-time = "2026-01-12T11:27:34.777Z" }
wheels = [
    { url = "https://files.pythonhosted.org/packages/70/5c/ee71e2dd955045425ef44283f40ba1da67673cf06404916ca2950ac0cd39/neo4j-6.1.0-py3-none-any.whl", hash = "sha256:3bd93941f3a3559af197031157220af9fd71f4f93a311db687bd69ffa417b67d", size = 325326, upload-time = "2026-01-12T11:27:33.196Z" },
]

[[package]]
name = "pymongo"
version = "4.16.0"
source = { registry = "https://pypi.org/simple" }
dependencies = [
    { name = "dnspython" },
]
sdist = { url = "https://files.pythonhosted.org/packages/65/9c/a4895c4b785fc9865a84a56e14b5bd21ca75aadc3dab79c14187cdca189b/pymongo-4.16.0.tar.gz", hash = "sha256:8ba8405065f6e258a6f872fe62d797a28f383a12178c7153c01ed04e845c600c", size = 2495323, upload-time = "2026-01-07T18:05:48.107Z" }
wheels = [
    { url = "https://files.pythonhosted.org/packages/4d/93/c36c0998dd91ad8b5031d2e77a903d5cd705b5ba05ca92bcc8731a2c3a8d/pymongo-4.16.0-cp310-cp310-macosx_10_9_x86_64.whl", hash = "sha256:ed162b2227f98d5b270ecbe1d53be56c8c81db08a1a8f5f02d89c7bb4d19591d", size = 807993, upload-time = "2026-01-07T18:03:40.302Z" },
    { url = "https://files.pythonhosted.org/packages/f3/96/d2117d792fa9fedb2f6ccf0608db31f851e8382706d7c3c88c6ac92cc958/pymongo-4.16.0-cp310-cp310-macosx_11_0_arm64.whl", hash = "sha256:4a9390dce61d705a88218f0d7b54d7e1fa1b421da8129fc7c009e029a9a6b81e", size = 808355, upload-time = "2026-01-07T18:03:42.13Z" },
    { url = "https://files.pythonhosted.org/packages/ae/2e/e79b7b86c0dd6323d0985c201583c7921d67b842b502aae3f3327cbe3935/pymongo-4.16.0-cp310-cp310-manylinux1_i686.manylinux_2_28_i686.manylinux_2_5_i686.whl", hash = "sha256:92a232af9927710de08a6c16a9710cc1b175fb9179c0d946cd4e213b92b2a69a", size = 1182337, upload-time = "2026-01-07T18:03:44.126Z" },
    { url = "https://files.pythonhosted.org/packages/7b/82/07ec9966381c57d941fddc52637e9c9653e63773be410bd8605f74683084/pymongo-4.16.0-cp310-cp310-manylinux2014_aarch64.manylinux_2_17_aarch64.manylinux_2_28_aarch64.whl", hash = "sha256:4d79aa147ce86aef03079096d83239580006ffb684eead593917186aee407767", size = 1200928, upload-time = "2026-01-07T18:03:45.52Z" },
    { url = "https://files.pythonhosted.org/packages/44/15/9d45e3cc6fa428b0a3600b0c1c86b310f28c91251c41493460695ab40b6b/pymongo-4.16.0-cp310-cp310-manylinux2014_ppc64le.manylinux_2_17_ppc64le.manylinux_2_28_ppc64le.whl", hash = "sha256:19a1c96e7f39c7a59a9cfd4d17920cf9382f6f684faeff4649bf587dc59f8edc", size = 1239418, upload-time = "2026-01-07T18:03:47.03Z" },
    { url = "https://files.pythonhosted.org/packages/c8/b3/f35ee51e2a3f05f673ad4f5e803ae1284c42f4413e8d121c4958f1af4eb9/pymongo-4.16.0-cp310-cp310-manylinux2014_s390x.manylinux_2_17_s390x.manylinux_2_28_s390x.whl", hash = "sha256:efe020c46ce3c3a89af6baec6569635812129df6fb6cf76d4943af3ba6ee2069", size = 1229045, upload-time = "2026-01-07T18:03:48.377Z" },
    { url = "https://files.pythonhosted.org/packages/18/2d/1688b88d7c0a5c01da8c703dea831419435d9ce67c6ddbb0ac629c9c72d2/pymongo-4.16.0-cp310-cp310-manylinux2014_x86_64.manylinux_2_17_x86_64.manylinux_2_28_x86_64.whl", hash = "sha256:9dc2c00bed568732b89e211b6adca389053d5e6d2d5a8979e80b813c3ec4d1f9", size = 1196517, upload-time = "2026-01-07T18:03:50.205Z" },
    { url = "https://files.pythonhosted.org/packages/e6/c6/e89db0f23bd20757b627a5d8c73a609ffd6741887b9004ab229208a79764/pymongo-4.16.0-cp310-cp310-win32.whl", hash = "sha256:5b9c6d689bbe5beb156374508133218610e14f8c81e35bc17d7a14e30ab593e6", size = 794911, upload-time = "2026-01-07T18:03:52.701Z" },
    { url = "https://files.pythonhosted.org/packages/37/54/e00a5e517153f310a33132375159e42dceb12bee45b51b35aa0df14f1866/pymongo-4.16.0-cp310-cp310-win_amd64.whl", hash = "sha256:2290909275c9b8f637b0a92eb9b89281e18a72922749ebb903403ab6cc7da914", size = 804801, upload-time = "2026-01-07T18:03:57.671Z" },
    { url = "https://files.pythonhosted.org/packages/e5/0a/2572faf89195a944c99c6d756227019c8c5f4b5658ecc261c303645dfe69/pymongo-4.16.0-cp310-cp310-win_arm64.whl", hash = "sha256:6af1aaa26f0835175d2200e62205b78e7ec3ffa430682e322cc91aaa1a0dbf28", size = 797579, upload-time = "2026-01-07T18:03:59.1Z" },
    { url = "https://files.pythonhosted.org/packages/e6/3a/907414a763c4270b581ad6d960d0c6221b74a70eda216a1fdd8fa82ba89f/pymongo-4.16.0-cp311-cp311-macosx_10_9_x86_64.whl", hash = "sha256:6f2077ec24e2f1248f9cac7b9a2dfb894e50cc7939fcebfb1759f99304caabef", size = 862561, upload-time = "2026-01-07T18:04:00.628Z" },
    { url = "https://files.pythonhosted.org/packages/8c/58/787d8225dd65cb2383c447346ea5e200ecfde89962d531111521e3b53018/pymongo-4.16.0-cp311-cp311-macosx_11_0_arm64.whl", hash = "sha256:4d4f7ba040f72a9f43a44059872af5a8c8c660aa5d7f90d5344f2ed1c3c02721", size = 862923, upload-time = "2026-01-07T18:04:02.213Z" },
    { url = "https://files.pythonhosted.org/packages/5d/a7/cc2865aae32bc77ade7b35f957a58df52680d7f8506f93c6edbf458e5738/pymongo-4.16.0-cp311-cp311-manylinux1_i686.manylinux_2_28_i686.manylinux_2_5_i686.whl", hash = "sha256:8a0f73af1ea56c422b2dcfc0437459148a799ef4231c6aee189d2d4c59d6728f", size = 1426779, upload-time = "2026-01-07T18:04:03.942Z" },
    { url = "https://files.pythonhosted.org/packages/81/25/3e96eb7998eec05382174da2fefc58d28613f46bbdf821045539d0ed60ab/pymongo-4.16.0-cp311-cp311-manylinux2014_aarch64.manylinux_2_17_aarch64.manylinux_2_28_aarch64.whl", hash = "sha256:aa30cd16ddd2f216d07ba01d9635c873e97ddb041c61cf0847254edc37d1c60e", size = 1454207, upload-time = "2026-01-07T18:04:05.387Z" },
    { url = "https://files.pythonhosted.org/packages/86/7b/8e817a7df8c5d565d39dd4ca417a5e0ef46cc5cc19aea9405f403fec6449/pymongo-4.16.0-cp311-cp311-manylinux2014_ppc64le.manylinux_2_17_ppc64le.manylinux_2_28_ppc64le.whl", hash = "sha256:1d638b0b1b294d95d0fdc73688a3b61e05cc4188872818cd240d51460ccabcb5", size = 1511654, upload-time = "2026-01-07T18:04:08.458Z" },
    { url = "https://files.pythonhosted.org/packages/39/7a/50c4d075ccefcd281cdcfccc5494caa5665b096b85e65a5d6afabb80e09e/pymongo-4.16.0-cp311-cp311-manylinux2014_s390x.manylinux_2_17_s390x.manylinux_2_28_s390x.whl", hash = "sha256:21d02cc10a158daa20cb040985e280e7e439832fc6b7857bff3d53ef6914ad50", size = 1496794, upload-time = "2026-01-07T18:04:10.355Z" },
    { url = "https://files.pythonhosted.org/packages/0f/cd/ebdc1aaca5deeaf47310c369ef4083e8550e04e7bf7e3752cfb7d95fcdb8/pymongo-4.16.0-cp311-cp311-manylinux2014_x86_64.manylinux_2_17_x86_64.manylinux_2_28_x86_64.whl", hash = "sha256:4fbb8d3552c2ad99d9e236003c0b5f96d5f05e29386ba7abae73949bfebc13dd", size = 1448371, upload-time = "2026-01-07T18:04:11.76Z" },
    { url = "https://files.pythonhosted.org/packages/3d/c9/50fdd78c37f68ea49d590c027c96919fbccfd98f3a4cb39f84f79970bd37/pymongo-4.16.0-cp311-cp311-win32.whl", hash = "sha256:be1099a8295b1a722d03fb7b48be895d30f4301419a583dcf50e9045968a041c", size = 841024, upload-time = "2026-01-07T18:04:13.522Z" },
    { url = "https://files.pythonhosted.org/packages/4a/dd/a3aa1ade0cf9980744db703570afac70a62c85b432c391dea0577f6da7bb/pymongo-4.16.0-cp311-cp311-win_amd64.whl", hash = "sha256:61567f712bda04c7545a037e3284b4367cad8d29b3dec84b4bf3b2147020a75b", size = 855838, upload-time = "2026-01-07T18:04:14.923Z" },
    { url = "https://files.pythonhosted.org/packages/bf/10/9ad82593ccb895e8722e4884bad4c5ce5e8ff6683b740d7823a6c2bcfacf/pymongo-4.16.0-cp311-cp311-win_arm64.whl", hash = "sha256:c53338613043038005bf2e41a2fafa08d29cdbc0ce80891b5366c819456c1ae9", size = 845007, upload-time = "2026-01-07T18:04:17.099Z" },
    { url = "https://files.pythonhosted.org/packages/6a/03/6dd7c53cbde98de469a3e6fb893af896dca644c476beb0f0c6342bcc368b/pymongo-4.16.0-cp312-cp312-macosx_10_13_x86_64.whl", hash = "sha256:bd4911c40a43a821dfd93038ac824b756b6e703e26e951718522d29f6eb166a8", size = 917619, upload-time = "2026-01-07T18:04:19.173Z" },
    { url = "https://files.pythonhosted.org/packages/73/e1/328915f2734ea1f355dc9b0e98505ff670f5fab8be5e951d6ed70971c6aa/pymongo-4.16.0-cp312-cp312-macosx_11_0_arm64.whl", hash = "sha256:25a6b03a68f9907ea6ec8bc7cf4c58a1b51a18e23394f962a6402f8e46d41211", size = 917364, upload-time = "2026-01-07T18:04:20.861Z" },
    { url = "https://files.pythonhosted.org/packages/41/fe/4769874dd9812a1bc2880a9785e61eba5340da966af888dd430392790ae0/pymongo-4.16.0-cp312-cp312-manylinux1_i686.manylinux_2_28_i686.manylinux_2_5_i686.whl", hash = "sha256:91ac0cb0fe2bf17616c2039dac88d7c9a5088f5cb5829b27c9d250e053664d31", size = 1686901, upload-time = "2026-01-07T18:04:22.219Z" },
    { url = "https://files.pythonhosted.org/packages/fa/8d/15707b9669fdc517bbc552ac60da7124dafe7ac1552819b51e97ed4038b4/pymongo-4.16.0-cp312-cp312-manylinux2014_aarch64.manylinux_2_17_aarch64.manylinux_2_28_aarch64.whl", hash = "sha256:cf0ec79e8ca7077f455d14d915d629385153b6a11abc0b93283ed73a8013e376", size = 1723034, upload-time = "2026-01-07T18:04:24.055Z" },
    { url = "https://files.pythonhosted.org/packages/5b/af/3d5d16ff11d447d40c1472da1b366a31c7380d7ea2922a449c7f7f495567/pymongo-4.16.0-cp312-cp312-manylinux2014_ppc64le.manylinux_2_17_ppc64le.manylinux_2_28_ppc64le.whl", hash = "sha256:2d0082631a7510318befc2b4fdab140481eb4b9dd62d9245e042157085da2a70", size = 1797161, upload-time = "2026-01-07T18:04:25.964Z" },
    { url = "https://files.pythonhosted.org/packages/fb/04/725ab8664eeec73ec125b5a873448d80f5d8cf2750aaaf804cbc538a50a5/pymongo-4.16.0-cp312-cp312-manylinux2014_s390x.manylinux_2_17_s390x.manylinux_2_28_s390x.whl", hash = "sha256:85dc2f3444c346ea019a371e321ac868a4fab513b7a55fe368f0cc78de8177cc", size = 1780938, upload-time = "2026-01-07T18:04:28.745Z" },
    { url = "https://files.pythonhosted.org/packages/22/50/dd7e9095e1ca35f93c3c844c92eb6eb0bc491caeb2c9bff3b32fe3c9b18f/pymongo-4.16.0-cp312-cp312-manylinux2014_x86_64.manylinux_2_17_x86_64.manylinux_2_28_x86_64.whl", hash = "sha256:dabbf3c14de75a20cc3c30bf0c6527157224a93dfb605838eabb1a2ee3be008d", size = 1714342, upload-time = "2026-01-07T18:04:30.331Z" },
    { url = "https://files.pythonhosted.org/packages/03/c9/542776987d5c31ae8e93e92680ea2b6e5a2295f398b25756234cabf38a39/pymongo-4.16.0-cp312-cp312-win32.whl", hash = "sha256:60307bb91e0ab44e560fe3a211087748b2b5f3e31f403baf41f5b7b0a70bd104", size = 887868, upload-time = "2026-01-07T18:04:32.124Z" },
    { url = "https://files.pythonhosted.org/packages/2e/d4/b4045a7ccc5680fb496d01edf749c7a9367cc8762fbdf7516cf807ef679b/pymongo-4.16.0-cp312-cp312-win_amd64.whl", hash = "sha256:f513b2c6c0d5c491f478422f6b5b5c27ac1af06a54c93ef8631806f7231bd92e", size = 907554, upload-time = "2026-01-07T18:04:33.685Z" },
    { url = "https://files.pythonhosted.org/packages/60/4c/33f75713d50d5247f2258405142c0318ff32c6f8976171c4fcae87a9dbdf/pymongo-4.16.0-cp312-cp312-win_arm64.whl", hash = "sha256:dfc320f08ea9a7ec5b2403dc4e8150636f0d6150f4b9792faaae539c88e7db3b", size = 892971, upload-time = "2026-01-07T18:04:35.594Z" },
    { url = "https://files.pythonhosted.org/packages/47/84/148d8b5da8260f4679d6665196ae04ab14ffdf06f5fe670b0ab11942951f/pymongo-4.16.0-cp313-cp313-macosx_10_13_x86_64.whl", hash = "sha256:d15f060bc6d0964a8bb70aba8f0cb6d11ae99715438f640cff11bbcf172eb0e8", size = 972009, upload-time = "2026-01-07T18:04:38.303Z" },
    { url = "https://files.pythonhosted.org/packages/1e/5e/9f3a8daf583d0adaaa033a3e3e58194d2282737dc164014ff33c7a081103/pymongo-4.16.0-cp313-cp313-macosx_11_0_arm64.whl", hash = "sha256:4a19ea46a0fe71248965305a020bc076a163311aefbaa1d83e47d06fa30ac747", size = 971784, upload-time = "2026-01-07T18:04:39.669Z" },
    { url = "https://files.pythonhosted.org/packages/ad/f2/b6c24361fcde24946198573c0176406bfd5f7b8538335f3d939487055322/pymongo-4.16.0-cp313-cp313-manylinux1_i686.manylinux_2_28_i686.manylinux_2_5_i686.whl", hash = "sha256:311d4549d6bf1f8c61d025965aebb5ba29d1481dc6471693ab91610aaffbc0eb", size = 1947174, upload-time = "2026-01-07T18:04:41.368Z" },
    { url = "https://files.pythonhosted.org/packages/47/1a/8634192f98cf740b3d174e1018dd0350018607d5bd8ac35a666dc49c732b/pymongo-4.16.0-cp313-cp313-manylinux2014_aarch64.manylinux_2_17_aarch64.manylinux_2_28_aarch64.whl", hash = "sha256:46ffb728d92dd5b09fc034ed91acf5595657c7ca17d4cf3751322cd554153c17", size = 1991727, upload-time = "2026-01-07T18:04:42.965Z" },
    { url = "https://files.pythonhosted.org/packages/5a/2f/0c47ac84572b28e23028a23a3798a1f725e1c23b0cf1c1424678d16aff42/pymongo-4.16.0-cp313-cp313-manylinux2014_ppc64le.manylinux_2_17_ppc64le.manylinux_2_28_ppc64le.whl", hash = "sha256:acda193f440dd88c2023cb00aa8bd7b93a9df59978306d14d87a8b12fe426b05", size = 2082497, upload-time = "2026-01-07T18:04:44.652Z" },
    { url = "https://files.pythonhosted.org/packages/ba/57/9f46ef9c862b2f0cf5ce798f3541c201c574128d31ded407ba4b3918d7b6/pymongo-4.16.0-cp313-cp313-manylinux2014_s390x.manylinux_2_17_s390x.manylinux_2_28_s390x.whl", hash = "sha256:5d9fdb386cf958e6ef6ff537d6149be7edb76c3268cd6833e6c36aa447e4443f", size = 2064947, upload-time = "2026-01-07T18:04:46.228Z" },
    { url = "https://files.pythonhosted.org/packages/b8/56/5421c0998f38e32288100a07f6cb2f5f9f352522157c901910cb2927e211/pymongo-4.16.0-cp313-cp313-manylinux2014_x86_64.manylinux_2_17_x86_64.manylinux_2_28_x86_64.whl", hash = "sha256:91899dd7fb9a8c50f09c3c1cf0cb73bfbe2737f511f641f19b9650deb61c00ca", size = 1980478, upload-time = "2026-01-07T18:04:48.017Z" },
    { url = "https://files.pythonhosted.org/packages/92/93/bfc448d025e12313a937d6e1e0101b50cc9751636b4b170e600fe3203063/pymongo-4.16.0-cp313-cp313-win32.whl", hash = "sha256:2cd60cd1e05de7f01927f8e25ca26b3ea2c09de8723241e5d3bcfdc70eaff76b", size = 934672, upload-time = "2026-01-07T18:04:49.538Z" },
    { url = "https://files.pythonhosted.org/packages/96/10/12710a5e01218d50c3dd165fd72c5ed2699285f77348a3b1a119a191d826/pymongo-4.16.0-cp313-cp313-win_amd64.whl", hash = "sha256:3ead8a0050c53eaa55935895d6919d393d0328ec24b2b9115bdbe881aa222673", size = 959237, upload-time = "2026-01-07T18:04:51.382Z" },
    { url = "https://files.pythonhosted.org/packages/0c/56/d288bcd1d05bc17ec69df1d0b1d67bc710c7c5dbef86033a5a4d2e2b08e6/pymongo-4.16.0-cp313-cp313-win_arm64.whl", hash = "sha256:dbbc5b254c36c37d10abb50e899bc3939bbb7ab1e7c659614409af99bd3e7675", size = 940909, upload-time = "2026-01-07T18:04:52.904Z" },
    { url = "https://files.pythonhosted.org/packages/30/9e/4d343f8d0512002fce17915a89477b9f916bda1205729e042d8f23acf194/pymongo-4.16.0-cp314-cp314-macosx_10_15_x86_64.whl", hash = "sha256:8a254d49a9ffe9d7f888e3c677eed3729b14ce85abb08cd74732cead6ccc3c66", size = 1026634, upload-time = "2026-01-07T18:04:54.359Z" },
    { url = "https://files.pythonhosted.org/packages/c3/e3/341f88c5535df40c0450fda915f582757bb7d988cdfc92990a5e27c4c324/pymongo-4.16.0-cp314-cp314-macosx_11_0_arm64.whl", hash = "sha256:a1bf44e13cf2d44d2ea2e928a8140d5d667304abe1a61c4d55b4906f389fbe64", size = 1026252, upload-time = "2026-01-07T18:04:56.642Z" },
    { url = "https://files.pythonhosted.org/packages/af/64/9471b22eb98f0a2ca0b8e09393de048502111b2b5b14ab1bd9e39708aab5/pymongo-4.16.0-cp314-cp314-manylinux1_i686.manylinux_2_28_i686.manylinux_2_5_i686.whl", hash = "sha256:f1c5f1f818b669875d191323a48912d3fcd2e4906410e8297bb09ac50c4d5ccc", size = 2207399, upload-time = "2026-01-07T18:04:58.255Z" },
    { url = "https://files.pythonhosted.org/packages/87/ac/47c4d50b25a02f21764f140295a2efaa583ee7f17992a5e5fa542b3a690f/pymongo-4.16.0-cp314-cp314-manylinux2014_aarch64.manylinux_2_17_aarch64.manylinux_2_28_aarch64.whl", hash = "sha256:77cfd37a43a53b02b7bd930457c7994c924ad8bbe8dff91817904bcbf291b371", size = 2260595, upload-time = "2026-01-07T18:04:59.788Z" },
    { url = "https://files.pythonhosted.org/packages/ee/1b/0ce1ce9dd036417646b2fe6f63b58127acff3cf96eeb630c34ec9cd675ff/pymongo-4.16.0-cp314-cp314-manylinux2014_ppc64le.manylinux_2_17_ppc64le.manylinux_2_28_ppc64le.whl", hash = "sha256:36ef2fee50eee669587d742fb456e349634b4fcf8926208766078b089054b24b", size = 2366958, upload-time = "2026-01-07T18:05:01.942Z" },
    { url = "https://files.pythonhosted.org/packages/3e/3c/a5a17c0d413aa9d6c17bc35c2b472e9e79cda8068ba8e93433b5f43028e9/pymongo-4.16.0-cp314-cp314-manylinux2014_s390x.manylinux_2_17_s390x.manylinux_2_28_s390x.whl", hash = "sha256:55f8d5a6fe2fa0b823674db2293f92d74cd5f970bc0360f409a1fc21003862d3", size = 2346081, upload-time = "2026-01-07T18:05:03.576Z" },
    { url = "https://files.pythonhosted.org/packages/65/19/f815533d1a88fb8a3b6c6e895bb085ffdae68ccb1e6ed7102202a307f8e2/pymongo-4.16.0-cp314-cp314-manylinux2014_x86_64.manylinux_2_17_x86_64.manylinux_2_28_x86_64.whl", hash = "sha256:9caacac0dd105e2555521002e2d17afc08665187017b466b5753e84c016628e6", size = 2246053, upload-time = "2026-01-07T18:05:05.459Z" },
    { url = "https://files.pythonhosted.org/packages/c6/88/4be3ec78828dc64b212c123114bd6ae8db5b7676085a7b43cc75d0131bd2/pymongo-4.16.0-cp314-cp314-win32.whl", hash = "sha256:c789236366525c3ee3cd6e4e450a9ff629a7d1f4d88b8e18a0aea0615fd7ecf8", size = 989461, upload-time = "2026-01-07T18:05:07.018Z" },
    { url = "https://files.pythonhosted.org/packages/af/5a/ab8d5af76421b34db483c9c8ebc3a2199fb80ae63dc7e18f4cf1df46306a/pymongo-4.16.0-cp314-cp314-win_amd64.whl", hash = "sha256:2b0714d7764efb29bf9d3c51c964aed7c4c7237b341f9346f15ceaf8321fdb35", size = 1017803, upload-time = "2026-01-07T18:05:08.499Z" },
    { url = "https://files.pythonhosted.org/packages/f6/f4/98d68020728ac6423cf02d17cfd8226bf6cce5690b163d30d3f705e8297e/pymongo-4.16.0-cp314-cp314-win_arm64.whl", hash = "sha256:12762e7cc0f8374a8cae3b9f9ed8dabb5d438c7b33329232dd9b7de783454033", size = 997184, upload-time = "2026-01-07T18:05:09.944Z" },
    { url = "https://files.pythonhosted.org/packages/50/00/dc3a271daf06401825b9c1f4f76f018182c7738281ea54b9762aea0560c1/pymongo-4.16.0-cp314-cp314t-macosx_10_15_x86_64.whl", hash = "sha256:1c01e8a7cd0ea66baf64a118005535ab5bf9f9eb63a1b50ac3935dccf9a54abe", size = 1083303, upload-time = "2026-01-07T18:05:11.702Z" },
    { url = "https://files.pythonhosted.org/packages/b8/4b/b5375ee21d12eababe46215011ebc63801c0d2c5ffdf203849d0d79f9852/pymongo-4.16.0-cp314-cp314t-macosx_11_0_arm64.whl", hash = "sha256:4c4872299ebe315a79f7f922051061634a64fda95b6b17677ba57ef00b2ba2a4", size = 1083233, upload-time = "2026-01-07T18:05:13.182Z" },
    { url = "https://files.pythonhosted.org/packages/ee/e3/52efa3ca900622c7dcb56c5e70f15c906816d98905c22d2ee1f84d9a7b60/pymongo-4.16.0-cp314-cp314t-manylinux1_i686.manylinux_2_28_i686.manylinux_2_5_i686.whl", hash = "sha256:78037d02389745e247fe5ab0bcad5d1ab30726eaac3ad79219c7d6bbb07eec53", size = 2527438, upload-time = "2026-01-07T18:05:14.981Z" },
    { url = "https://files.pythonhosted.org/packages/cb/96/43b1be151c734e7766c725444bcbfa1de6b60cc66bfb406203746839dd25/pymongo-4.16.0-cp314-cp314t-manylinux2014_aarch64.manylinux_2_17_aarch64.manylinux_2_28_aarch64.whl", hash = "sha256:c126fb72be2518395cc0465d4bae03125119136462e1945aea19840e45d89cfc", size = 2600399, upload-time = "2026-01-07T18:05:16.794Z" },
    { url = "https://files.pythonhosted.org/packages/e7/62/fa64a5045dfe3a1cd9217232c848256e7bc0136cffb7da4735c5e0d30e40/pymongo-4.16.0-cp314-cp314t-manylinux2014_ppc64le.manylinux_2_17_ppc64le.manylinux_2_28_ppc64le.whl", hash = "sha256:f3867dc225d9423c245a51eaac2cfcd53dde8e0a8d8090bb6aed6e31bd6c2d4f", size = 2720960, upload-time = "2026-01-07T18:05:18.498Z" },
    { url = "https://files.pythonhosted.org/packages/54/7b/01577eb97e605502821273a5bc16ce0fb0be5c978fe03acdbff471471202/pymongo-4.16.0-cp314-cp314t-manylinux2014_s390x.manylinux_2_17_s390x.manylinux_2_28_s390x.whl", hash = "sha256:f25001a955073b80510c0c3db0e043dbbc36904fd69e511c74e3d8640b8a5111", size = 2699344, upload-time = "2026-01-07T18:05:20.073Z" },
    { url = "https://files.pythonhosted.org/packages/55/68/6ef6372d516f703479c3b6cbbc45a5afd307173b1cbaccd724e23919bb1a/pymongo-4.16.0-cp314-cp314t-manylinux2014_x86_64.manylinux_2_17_x86_64.manylinux_2_28_x86_64.whl", hash = "sha256:9d9885aad05f82fd7ea0c9ca505d60939746b39263fa273d0125170da8f59098", size = 2577133, upload-time = "2026-01-07T18:05:22.052Z" },
    { url = "https://files.pythonhosted.org/packages/15/c7/b5337093bb01da852f945802328665f85f8109dbe91d81ea2afe5ff059b9/pymongo-4.16.0-cp314-cp314t-win32.whl", hash = "sha256:948152b30eddeae8355495f9943a3bf66b708295c0b9b6f467de1c620f215487", size = 1040560, upload-time = "2026-01-07T18:05:23.888Z" },
    { url = "https://files.pythonhosted.org/packages/96/8c/5b448cd1b103f3889d5713dda37304c81020ff88e38a826e8a75ddff4610/pymongo-4.16.0-cp314-cp314t-win_amd64.whl", hash = "sha256:f6e42c1bc985d9beee884780ae6048790eb4cd565c46251932906bdb1630034a", size = 1075081, upload-time = "2026-01-07T18:05:26.874Z" },
    { url = "https://files.pythonhosted.org/packages/32/cd/ddc794cdc8500f6f28c119c624252fb6dfb19481c6d7ed150f13cf468a6d/pymongo-4.16.0-cp314-cp314t-win_arm64.whl", hash = "sha256:6b2a20edb5452ac8daa395890eeb076c570790dfce6b7a44d788af74c2f8cf96", size = 1047725, upload-time = "2026-01-07T18:05:28.47Z" },
]

[[package]]
name = "python-dotenv"
version = "1.2.2"
source = { registry = "https://pypi.org/simple" }
sdist = { url = "https://files.pythonhosted.org/packages/82/ed/0301aeeac3e5353ef3d94b6ec08bbcabd04a72018415dcb29e588514bba8/python_dotenv-1.2.2.tar.gz", hash = "sha256:2c371a91fbd7ba082c2c1dc1f8bf89ca22564a087c2c287cd9b662adde799cf3", size = 50135, upload-time = "2026-03-01T16:00:26.196Z" }
wheels = [
    { url = "https://files.pythonhosted.org/packages/0b/d7/1959b9648791274998a9c3526f6d0ec8fd2233e4d4acce81bbae76b44b2a/python_dotenv-1.2.2-py3-none-any.whl", hash = "sha256:1d8214789a24de455a8b8bd8ae6fe3c6b69a5e3d64aa8a8e5d68e694bbcb285a", size = 22101, upload-time = "2026-03-01T16:00:25.09Z" },
]

[[package]]
name = "pytz"
version = "2026.1.post1"
source = { registry = "https://pypi.org/simple" }
sdist = { url = "https://files.pythonhosted.org/packages/56/db/b8721d71d945e6a8ac63c0fc900b2067181dbb50805958d4d4661cf7d277/pytz-2026.1.post1.tar.gz", hash = "sha256:3378dde6a0c3d26719182142c56e60c7f9af7e968076f31aae569d72a0358ee1", size = 321088, upload-time = "2026-03-03T07:47:50.683Z" }
wheels = [
    { url = "https://files.pythonhosted.org/packages/10/99/781fe0c827be2742bcc775efefccb3b048a3a9c6ce9aec0cbf4a101677e5/pytz-2026.1.post1-py2.py3-none-any.whl", hash = "sha256:f2fd16142fda348286a75e1a524be810bb05d444e5a081f37f7affc635035f7a", size = 510489, upload-time = "2026-03-03T07:47:49.167Z" },
]

[[package]]
name = "tqdm"
version = "4.67.3"
source = { registry = "https://pypi.org/simple" }
dependencies = [
    { name = "colorama", marker = "sys_platform == 'win32'" },
]
sdist = { url = "https://files.pythonhosted.org/packages/09/a9/6ba95a270c6f1fbcd8dac228323f2777d886cb206987444e4bce66338dd4/tqdm-4.67.3.tar.gz", hash = "sha256:7d825f03f89244ef73f1d4ce193cb1774a8179fd96f31d7e1dcde62092b960bb", size = 169598, upload-time = "2026-02-03T17:35:53.048Z" }
wheels = [
    { url = "https://files.pythonhosted.org/packages/16/e1/3079a9ff9b8e11b846c6ac5c8b5bfb7ff225eee721825310c91b3b50304f/tqdm-4.67.3-py3-none-any.whl", hash = "sha256:ee1e4c0e59148062281c49d80b25b67771a127c85fc9676d3be5f243206826bf", size = 78374, upload-time = "2026-02-03T17:35:50.982Z" },
]

[[package]]
name = "v1"
version = "0.1.0"
source = { virtual = "." }
dependencies = [
    { name = "mysql-connector-python" },
    { name = "neo4j" },
    { name = "pymongo" },
    { name = "python-dotenv" },
    { name = "tqdm" },
]

[package.metadata]
requires-dist = [
    { name = "mysql-connector-python", specifier = ">=9.0.0" },
    { name = "neo4j", specifier = ">=5.28.0" },
    { name = "pymongo", specifier = ">=4.10.0" },
    { name = "python-dotenv", specifier = ">=1.2.2" },
    { name = "tqdm", specifier = ">=4.67.3" },
]
